
Microsoft Visual Studio Solution File, Format Version 12.00
# Visual Studio 2012
Project("{FAE04EC0-301F-11D3-BF4B-00C04F79EFBC}") = "Customization", "Customization\Customization.csproj", "{0170110D-801C-4193-9116-80297915D3A1}"
EndProject
Project("{FAE04EC0-301F-11D3-BF4B-00C04F79EFBC}") = "Customization.iOS", "iOS\Customization.iOS.csproj", "{59F659D1-F441-4C83-95E6-98C1F05F97AD}"
EndProject
Global
	GlobalSection(SolutionConfigurationPlatforms) = preSolution
		Debug|Any CPU = Debug|Any CPU
		Release|Any CPU = Release|Any CPU
		Debug|iPhoneSimulator = Debug|iPhoneSimulator
		Release|iPhone = Release|iPhone
		Release|iPhoneSimulator = Release|iPhoneSimulator
		Debug|iPhone = Debug|iPhone
	EndGlobalSection
	GlobalSection(ProjectConfigurationPlatforms) = postSolution
		{0170110D-801C-4193-9116-80297915D3A1}.Debug|Any CPU.ActiveCfg = Debug|Any CPU
		{0170110D-801C-4193-9116-80297915D3A1}.Debug|Any CPU.Build.0 = Debug|Any CPU
		{0170110D-801C-4193-9116-80297915D3A1}.Release|Any CPU.ActiveCfg = Release|Any CPU
		{0170110D-801C-4193-9116-80297915D3A1}.Release|Any CPU.Build.0 = Release|Any CPU
		{0170110D-801C-4193-9116-80297915D3A1}.Debug|iPhoneSimulator.ActiveCfg = Debug|Any CPU
		{0170110D-801C-4193-9116-80297915D3A1}.Debug|iPhoneSimulator.Build.0 = Debug|Any CPU
		{0170110D-801C-4193-9116-80297915D3A1}.Release|iPhone.ActiveCfg = Release|Any CPU
		{0170110D-801C-4193-9116-80297915D3A1}.Release|iPhone.Build.0 = Release|Any CPU
		{0170110D-801C-4193-9116-80297915D3A1}.Release|iPhoneSimulator.ActiveCfg = Release|Any CPU
		{0170110D-801C-4193-9116-80297915D3A1}.Release|iPhoneSimulator.Build.0 = Release|Any CPU
		{0170110D-801C-4193-9116-80297915D3A1}.Debug|iPhone.ActiveCfg = Debug|Any CPU
		{0170110D-801C-4193-9116-80297915D3A1}.Debug|iPhone.Build.0 = Debug|Any CPU
		{59F659D1-F441-4C83-95E6-98C1F05F97AD}.Debug|Any CPU.ActiveCfg = Debug|iPhoneSimulator
		{59F659D1-F441-4C83-95E6-98C1F05F97AD}.Debug|Any CPU.Build.0 = Debug|iPhoneSimulator
		{59F659D1-F441-4C83-95E6-98C1F05F97AD}.Release|Any CPU.ActiveCfg = Release|iPhone
		{59F659D1-F441-4C83-95E6-98C1F05F97AD}.Release|Any CPU.Build.0 = Release|iPhone
		{59F659D1-F441-4C83-95E6-98C1F05F97AD}.Debug|iPhoneSimulator.ActiveCfg = Debug|iPhoneSimulator
		{59F659D1-F441-4C83-95E6-98C1F05F97AD}.Debug|iPhoneSimulator.Build.0 = Debug|iPhoneSimulator
		{59F659D1-F441-4C83-95E6-98C1F05F97AD}.Release|iPhone.ActiveCfg = Release|iPhone
		{59F659D1-F441-4C83-95E6-98C1F05F97AD}.Release|iPhone.Build.0 = Release|iPhone
		{59F659D1-F441-4C83-95E6-98C1F05F97AD}.Release|iPhoneSimulator.ActiveCfg = Release|iPhoneSimulator
		{59F659D1-F441-4C83-95E6-98C1F05F97AD}.Release|iPhoneSimulator.Build.0 = Release|iPhoneSimulator
		{59F659D1-F441-4C83-95E6-98C1F05F97AD}.Debug|iPhone.ActiveCfg = Debug|iPhone
		{59F659D1-F441-4C83-95E6-98C1F05F97AD}.Debug|iPhone.Build.0 = Debug|iPhone
	EndGlobalSection
EndGlobal
